
Microsoft Visual Studio Solution File, Format Version 12.00
# Visual Studio Version 17
VisualStudioVersion = 17.3.32901.215
MinimumVisualStudioVersion = 10.0.40219.1
Project("{9A19103F-16F7-4668-BE54-9A1E7A4F7556}") = "ConsoleApp1", "ConsoleApp1\ConsoleApp1.csproj", "{11FC456C-BA76-4239-9476-C8CB21F8D481}"
EndProject
Project("{FAE04EC0-301F-11D3-BF4B-00C04F79EFBC}") = "Classwork2", "Classwork2\Classwork2\Classwork2.csproj", "{AE694801-3BD4-4E69-A9FD-4C413C6B2C18}"
EndProject
Global
	GlobalSection(SolutionConfigurationPlatforms) = preSolution
		Debug|Any CPU = Debug|Any CPU
		Release|Any CPU = Release|Any CPU
	EndGlobalSection
	GlobalSection(ProjectConfigurationPlatforms) = postSolution
		{11FC456C-BA76-4239-9476-C8CB21F8D481}.Debug|Any CPU.ActiveCfg = Debug|Any CPU
		{11FC456C-BA76-4239-9476-C8CB21F8D481}.Debug|Any CPU.Build.0 = Debug|Any CPU
		{11FC456C-BA76-4239-9476-C8CB21F8D481}.Release|Any CPU.ActiveCfg = Release|Any CPU
		{11FC456C-BA76-4239-9476-C8CB21F8D481}.Release|Any CPU.Build.0 = Release|Any CPU
		{AE694801-3BD4-4E69-A9FD-4C413C6B2C18}.Debug|Any CPU.ActiveCfg = Debug|Any CPU
		{AE694801-3BD4-4E69-A9FD-4C413C6B2C18}.Debug|Any CPU.Build.0 = Debug|Any CPU
		{AE694801-3BD4-4E69-A9FD-4C413C6B2C18}.Release|Any CPU.ActiveCfg = Release|Any CPU
		{AE694801-3BD4-4E69-A9FD-4C413C6B2C18}.Release|Any CPU.Build.0 = Release|Any CPU
	EndGlobalSection
	GlobalSection(SolutionProperties) = preSolution
		HideSolutionNode = FALSE
	EndGlobalSection
	GlobalSection(ExtensibilityGlobals) = postSolution
		SolutionGuid = {6A70CC96-25F0-4FE5-B252-CFD69B63B3E7}
	EndGlobalSection
EndGlobal
