
Microsoft Visual Studio Solution File, Format Version 12.00
# Visual Studio Version 17
VisualStudioVersion = 17.3.32901.215
MinimumVisualStudioVersion = 10.0.40219.1
Project("{FAE04EC0-301F-11D3-BF4B-00C04F79EFBC}") = "Classwork 19.04.23", "Classwork 19.04.23\Classwork 19.04.23.csproj", "{319DCE5F-3193-41C1-9E0F-A38D9AAAE754}"
EndProject
Project("{FAE04EC0-301F-11D3-BF4B-00C04F79EFBC}") = "Classwork", "Classwork\Classwork.csproj", "{99CDB830-72E5-4419-8AE4-1B2FA4694CBB}"
EndProject
Project("{FAE04EC0-301F-11D3-BF4B-00C04F79EFBC}") = "new Classwork", "new Classwork\new Classwork.csproj", "{F6D57621-9ED5-4C46-86E8-31263647F653}"
EndProject
Global
	GlobalSection(SolutionConfigurationPlatforms) = preSolution
		Debug|Any CPU = Debug|Any CPU
		Release|Any CPU = Release|Any CPU
	EndGlobalSection
	GlobalSection(ProjectConfigurationPlatforms) = postSolution
		{319DCE5F-3193-41C1-9E0F-A38D9AAAE754}.Debug|Any CPU.ActiveCfg = Debug|Any CPU
		{319DCE5F-3193-41C1-9E0F-A38D9AAAE754}.Debug|Any CPU.Build.0 = Debug|Any CPU
		{319DCE5F-3193-41C1-9E0F-A38D9AAAE754}.Release|Any CPU.ActiveCfg = Release|Any CPU
		{319DCE5F-3193-41C1-9E0F-A38D9AAAE754}.Release|Any CPU.Build.0 = Release|Any CPU
		{99CDB830-72E5-4419-8AE4-1B2FA4694CBB}.Debug|Any CPU.ActiveCfg = Debug|Any CPU
		{99CDB830-72E5-4419-8AE4-1B2FA4694CBB}.Debug|Any CPU.Build.0 = Debug|Any CPU
		{99CDB830-72E5-4419-8AE4-1B2FA4694CBB}.Release|Any CPU.ActiveCfg = Release|Any CPU
		{99CDB830-72E5-4419-8AE4-1B2FA4694CBB}.Release|Any CPU.Build.0 = Release|Any CPU
		{F6D57621-9ED5-4C46-86E8-31263647F653}.Debug|Any CPU.ActiveCfg = Debug|Any CPU
		{F6D57621-9ED5-4C46-86E8-31263647F653}.Debug|Any CPU.Build.0 = Debug|Any CPU
		{F6D57621-9ED5-4C46-86E8-31263647F653}.Release|Any CPU.ActiveCfg = Release|Any CPU
		{F6D57621-9ED5-4C46-86E8-31263647F653}.Release|Any CPU.Build.0 = Release|Any CPU
	EndGlobalSection
	GlobalSection(SolutionProperties) = preSolution
		HideSolutionNode = FALSE
	EndGlobalSection
	GlobalSection(ExtensibilityGlobals) = postSolution
		SolutionGuid = {862DAC3F-396B-4215-8597-9D75C2196CA3}
	EndGlobalSection
EndGlobal
